<Solution>
  <Folder Name="/build/">
    <File Path=".editorconfig" />
    <File Path="Directory.Build.props" />
  </Folder>
  <Folder Name="/Features/" />
  <Folder Name="/Features/Godot/">
    <Project Path="src/Features/Godot/Godot.Extensions.Tools/Godot.Extensions.Tools.csproj" />
    <Project Path="src/Features/Godot/Godot.Extensions/Godot.Extensions.csproj" />
  </Folder>
  <Project Path="game/client/TestGame.csproj" />
</Solution>
